// !$*UTF8*$!
{
	archiveVersion = 1;
	classes = {
	};
	objectVersion = 55;
	objects = {

/* Begin PBXBuildFile section */
		080F29B5B0DF1E5D6B1B7E89 /* Pods_AlgoliaSearchPracticeTests.framework in Frameworks */ = {isa = PBXBuildFile; fileRef = FA4CC08FF04AEAB28E1DBD8D /* Pods_AlgoliaSearchPracticeTests.framework */; };
		1CABABDB61AB3E6A33F71B56 /* Pods_AlgoliaSearchPractice.framework in Frameworks */ = {isa = PBXBuildFile; fileRef = D784B6576844930F7C0E4CCA /* Pods_AlgoliaSearchPractice.framework */; };
		68EFD134279414B300652029 /* AppDelegate.swift in Sources */ = {isa = PBXBuildFile; fileRef = 68EFD133279414B300652029 /* AppDelegate.swift */; };
		68EFD136279414B300652029 /* SceneDelegate.swift in Sources */ = {isa = PBXBuildFile; fileRef = 68EFD135279414B300652029 /* SceneDelegate.swift */; };
		68EFD138279414B300652029 /* ViewController.swift in Sources */ = {isa = PBXBuildFile; fileRef = 68EFD137279414B300652029 /* ViewController.swift */; };
		68EFD13B279414B300652029 /* Main.storyboard in Resources */ = {isa = PBXBuildFile; fileRef = 68EFD139279414B300652029 /* Main.storyboard */; };
		68EFD13D279414B400652029 /* Assets.xcassets in Resources */ = {isa = PBXBuildFile; fileRef = 68EFD13C279414B400652029 /* Assets.xcassets */; };
		68EFD140279414B400652029 /* LaunchScreen.storyboard in Resources */ = {isa = PBXBuildFile; fileRef = 68EFD13E279414B400652029 /* LaunchScreen.storyboard */; };
		68EFD14B279414B400652029 /* AlgoliaSearchPracticeTests.swift in Sources */ = {isa = PBXBuildFile; fileRef = 68EFD14A279414B400652029 /* AlgoliaSearchPracticeTests.swift */; };
		68EFD155279414B400652029 /* AlgoliaSearchPracticeUITests.swift in Sources */ = {isa = PBXBuildFile; fileRef = 68EFD154279414B400652029 /* AlgoliaSearchPracticeUITests.swift */; };
		68EFD157279414B400652029 /* AlgoliaSearchPracticeUITestsLaunchTests.swift in Sources */ = {isa = PBXBuildFile; fileRef = 68EFD156279414B400652029 /* AlgoliaSearchPracticeUITestsLaunchTests.swift */; };
		68EFD164279416EF00652029 /* SearchResultsViewController.swift in Sources */ = {isa = PBXBuildFile; fileRef = 68EFD163279416EF00652029 /* SearchResultsViewController.swift */; };
		D6468790FF9EFA1BBABEE938 /* Pods_AlgoliaSearchPractice_AlgoliaSearchPracticeUITests.framework in Frameworks */ = {isa = PBXBuildFile; fileRef = 1C5E249EC2CBB4CAE9B0F538 /* Pods_AlgoliaSearchPractice_AlgoliaSearchPracticeUITests.framework */; };
/* End PBXBuildFile section */

/* Begin PBXContainerItemProxy section */
		68EFD147279414B400652029 /* PBXContainerItemProxy */ = {
			isa = PBXContainerItemProxy;
			containerPortal = 68EFD128279414B300652029 /* Project object */;
			proxyType = 1;
			remoteGlobalIDString = 68EFD12F279414B300652029;
			remoteInfo = AlgoliaSearchPractice;
		};
		68EFD151279414B400652029 /* PBXContainerItemProxy */ = {
			isa = PBXContainerItemProxy;
			containerPortal = 68EFD128279414B300652029 /* Project object */;
			proxyType = 1;
			remoteGlobalIDString = 68EFD12F279414B300652029;
			remoteInfo = AlgoliaSearchPractice;
		};
/* End PBXContainerItemProxy section */

/* Begin PBXFileReference section */
		135FBBAB7B18E77E7BE76ECB /* Pods-AlgoliaSearchPracticeTests.release.xcconfig */ = {isa = PBXFileReference; includeInIndex = 1; lastKnownFileType = text.xcconfig; name = "Pods-AlgoliaSearchPracticeTests.release.xcconfig"; path = "Target Support Files/Pods-AlgoliaSearchPracticeTests/Pods-AlgoliaSearchPracticeTests.release.xcconfig"; sourceTree = "<group>"; };
		1C5E249EC2CBB4CAE9B0F538 /* Pods_AlgoliaSearchPractice_AlgoliaSearchPracticeUITests.framework */ = {isa = PBXFileReference; explicitFileType = wrapper.framework; includeInIndex = 0; path = Pods_AlgoliaSearchPractice_AlgoliaSearchPracticeUITests.framework; sourceTree = BUILT_PRODUCTS_DIR; };
		2089D66C30390B835FB367F9 /* Pods-AlgoliaSearchPractice.release.xcconfig */ = {isa = PBXFileReference; includeInIndex = 1; lastKnownFileType = text.xcconfig; name = "Pods-AlgoliaSearchPractice.release.xcconfig"; path = "Target Support Files/Pods-AlgoliaSearchPractice/Pods-AlgoliaSearchPractice.release.xcconfig"; sourceTree = "<group>"; };
		2B95BD5ACED656BEABE41CB2 /* Pods-AlgoliaSearchPractice-AlgoliaSearchPracticeUITests.debug.xcconfig */ = {isa = PBXFileReference; includeInIndex = 1; lastKnownFileType = text.xcconfig; name = "Pods-AlgoliaSearchPractice-AlgoliaSearchPracticeUITests.debug.xcconfig"; path = "Target Support Files/Pods-AlgoliaSearchPractice-AlgoliaSearchPracticeUITests/Pods-AlgoliaSearchPractice-AlgoliaSearchPracticeUITests.debug.xcconfig"; sourceTree = "<group>"; };
		68EFD130279414B300652029 /* AlgoliaSearchPractice.app */ = {isa = PBXFileReference; explicitFileType = wrapper.application; includeInIndex = 0; path = AlgoliaSearchPractice.app; sourceTree = BUILT_PRODUCTS_DIR; };
		68EFD133279414B300652029 /* AppDelegate.swift */ = {isa = PBXFileReference; lastKnownFileType = sourcecode.swift; path = AppDelegate.swift; sourceTree = "<group>"; };
		68EFD135279414B300652029 /* SceneDelegate.swift */ = {isa = PBXFileReference; lastKnownFileType = sourcecode.swift; path = SceneDelegate.swift; sourceTree = "<group>"; };
		68EFD137279414B300652029 /* ViewController.swift */ = {isa = PBXFileReference; lastKnownFileType = sourcecode.swift; path = ViewController.swift; sourceTree = "<group>"; };
		68EFD13A279414B300652029 /* Base */ = {isa = PBXFileReference; lastKnownFileType = file.storyboard; name = Base; path = Base.lproj/Main.storyboard; sourceTree = "<group>"; };
		68EFD13C279414B400652029 /* Assets.xcassets */ = {isa = PBXFileReference; lastKnownFileType = folder.assetcatalog; path = Assets.xcassets; sourceTree = "<group>"; };
		68EFD13F279414B400652029 /* Base */ = {isa = PBXFileReference; lastKnownFileType = file.storyboard; name = Base; path = Base.lproj/LaunchScreen.storyboard; sourceTree = "<group>"; };
		68EFD141279414B400652029 /* Info.plist */ = {isa = PBXFileReference; lastKnownFileType = text.plist.xml; path = Info.plist; sourceTree = "<group>"; };
		68EFD146279414B400652029 /* AlgoliaSearchPracticeTests.xctest */ = {isa = PBXFileReference; explicitFileType = wrapper.cfbundle; includeInIndex = 0; path = AlgoliaSearchPracticeTests.xctest; sourceTree = BUILT_PRODUCTS_DIR; };
		68EFD14A279414B400652029 /* AlgoliaSearchPracticeTests.swift */ = {isa = PBXFileReference; lastKnownFileType = sourcecode.swift; path = AlgoliaSearchPracticeTests.swift; sourceTree = "<group>"; };
		68EFD150279414B400652029 /* AlgoliaSearchPracticeUITests.xctest */ = {isa = PBXFileReference; explicitFileType = wrapper.cfbundle; includeInIndex = 0; path = AlgoliaSearchPracticeUITests.xctest; sourceTree = BUILT_PRODUCTS_DIR; };
		68EFD154279414B400652029 /* AlgoliaSearchPracticeUITests.swift */ = {isa = PBXFileReference; lastKnownFileType = sourcecode.swift; path = AlgoliaSearchPracticeUITests.swift; sourceTree = "<group>"; };
		68EFD156279414B400652029 /* AlgoliaSearchPracticeUITestsLaunchTests.swift */ = {isa = PBXFileReference; lastKnownFileType = sourcecode.swift; path = AlgoliaSearchPracticeUITestsLaunchTests.swift; sourceTree = "<group>"; };
		68EFD163279416EF00652029 /* SearchResultsViewController.swift */ = {isa = PBXFileReference; lastKnownFileType = sourcecode.swift; path = SearchResultsViewController.swift; sourceTree = "<group>"; };
		B2FA16AC205CFD5B614C7B1A /* Pods-AlgoliaSearchPractice.debug.xcconfig */ = {isa = PBXFileReference; includeInIndex = 1; lastKnownFileType = text.xcconfig; name = "Pods-AlgoliaSearchPractice.debug.xcconfig"; path = "Target Support Files/Pods-AlgoliaSearchPractice/Pods-AlgoliaSearchPractice.debug.xcconfig"; sourceTree = "<group>"; };
		BAA1FC01BEEE72A0F02DBA10 /* Pods-AlgoliaSearchPractice-AlgoliaSearchPracticeUITests.release.xcconfig */ = {isa = PBXFileReference; includeInIndex = 1; lastKnownFileType = text.xcconfig; name = "Pods-AlgoliaSearchPractice-AlgoliaSearchPracticeUITests.release.xcconfig"; path = "Target Support Files/Pods-AlgoliaSearchPractice-AlgoliaSearchPracticeUITests/Pods-AlgoliaSearchPractice-AlgoliaSearchPracticeUITests.release.xcconfig"; sourceTree = "<group>"; };
		D784B6576844930F7C0E4CCA /* Pods_AlgoliaSearchPractice.framework */ = {isa = PBXFileReference; explicitFileType = wrapper.framework; includeInIndex = 0; path = Pods_AlgoliaSearchPractice.framework; sourceTree = BUILT_PRODUCTS_DIR; };
		E292B5D3A21EC111FC0F8279 /* Pods-AlgoliaSearchPracticeTests.debug.xcconfig */ = {isa = PBXFileReference; includeInIndex = 1; lastKnownFileType = text.xcconfig; name = "Pods-AlgoliaSearchPracticeTests.debug.xcconfig"; path = "Target Support Files/Pods-AlgoliaSearchPracticeTests/Pods-AlgoliaSearchPracticeTests.debug.xcconfig"; sourceTree = "<group>"; };
		FA4CC08FF04AEAB28E1DBD8D /* Pods_AlgoliaSearchPracticeTests.framework */ = {isa = PBXFileReference; explicitFileType = wrapper.framework; includeInIndex = 0; path = Pods_AlgoliaSearchPracticeTests.framework; sourceTree = BUILT_PRODUCTS_DIR; };
/* End PBXFileReference section */

/* Begin PBXFrameworksBuildPhase section */
		68EFD12D279414B300652029 /* Frameworks */ = {
			isa = PBXFrameworksBuildPhase;
			buildActionMask = 2147483647;
			files = (
				1CABABDB61AB3E6A33F71B56 /* Pods_AlgoliaSearchPractice.framework in Frameworks */,
			);
			runOnlyForDeploymentPostprocessing = 0;
		};
		68EFD143279414B400652029 /* Frameworks */ = {
			isa = PBXFrameworksBuildPhase;
			buildActionMask = 2147483647;
			files = (
				080F29B5B0DF1E5D6B1B7E89 /* Pods_AlgoliaSearchPracticeTests.framework in Frameworks */,
			);
			runOnlyForDeploymentPostprocessing = 0;
		};
		68EFD14D279414B400652029 /* Frameworks */ = {
			isa = PBXFrameworksBuildPhase;
			buildActionMask = 2147483647;
			files = (
				D6468790FF9EFA1BBABEE938 /* Pods_AlgoliaSearchPractice_AlgoliaSearchPracticeUITests.framework in Frameworks */,
			);
			runOnlyForDeploymentPostprocessing = 0;
		};
/* End PBXFrameworksBuildPhase section */

/* Begin PBXGroup section */
		68EFD127279414B300652029 = {
			isa = PBXGroup;
			children = (
				68EFD132279414B300652029 /* AlgoliaSearchPractice */,
				68EFD149279414B400652029 /* AlgoliaSearchPracticeTests */,
				68EFD153279414B400652029 /* AlgoliaSearchPracticeUITests */,
				68EFD131279414B300652029 /* Products */,
				97CCDACAA2FFAE68A83165BB /* Pods */,
				D92F9BDC550C6363FBD8CDC2 /* Frameworks */,
			);
			sourceTree = "<group>";
		};
		68EFD131279414B300652029 /* Products */ = {
			isa = PBXGroup;
			children = (
				68EFD130279414B300652029 /* AlgoliaSearchPractice.app */,
				68EFD146279414B400652029 /* AlgoliaSearchPracticeTests.xctest */,
				68EFD150279414B400652029 /* AlgoliaSearchPracticeUITests.xctest */,
			);
			name = Products;
			sourceTree = "<group>";
		};
		68EFD132279414B300652029 /* AlgoliaSearchPractice */ = {
			isa = PBXGroup;
			children = (
				68EFD133279414B300652029 /* AppDelegate.swift */,
				68EFD135279414B300652029 /* SceneDelegate.swift */,
				68EFD137279414B300652029 /* ViewController.swift */,
				68EFD139279414B300652029 /* Main.storyboard */,
				68EFD13C279414B400652029 /* Assets.xcassets */,
				68EFD13E279414B400652029 /* LaunchScreen.storyboard */,
				68EFD141279414B400652029 /* Info.plist */,
				68EFD163279416EF00652029 /* SearchResultsViewController.swift */,
			);
			path = AlgoliaSearchPractice;
			sourceTree = "<group>";
		};
		68EFD149279414B400652029 /* AlgoliaSearchPracticeTests */ = {
			isa = PBXGroup;
			children = (
				68EFD14A279414B400652029 /* AlgoliaSearchPracticeTests.swift */,
			);
			path = AlgoliaSearchPracticeTests;
			sourceTree = "<group>";
		};
		68EFD153279414B400652029 /* AlgoliaSearchPracticeUITests */ = {
			isa = PBXGroup;
			children = (
				68EFD154279414B400652029 /* AlgoliaSearchPracticeUITests.swift */,
				68EFD156279414B400652029 /* AlgoliaSearchPracticeUITestsLaunchTests.swift */,
			);
			path = AlgoliaSearchPracticeUITests;
			sourceTree = "<group>";
		};
		97CCDACAA2FFAE68A83165BB /* Pods */ = {
			isa = PBXGroup;
			children = (
				B2FA16AC205CFD5B614C7B1A /* Pods-AlgoliaSearchPractice.debug.xcconfig */,
				2089D66C30390B835FB367F9 /* Pods-AlgoliaSearchPractice.release.xcconfig */,
				2B95BD5ACED656BEABE41CB2 /* Pods-AlgoliaSearchPractice-AlgoliaSearchPracticeUITests.debug.xcconfig */,
				BAA1FC01BEEE72A0F02DBA10 /* Pods-AlgoliaSearchPractice-AlgoliaSearchPracticeUITests.release.xcconfig */,
				E292B5D3A21EC111FC0F8279 /* Pods-AlgoliaSearchPracticeTests.debug.xcconfig */,
				135FBBAB7B18E77E7BE76ECB /* Pods-AlgoliaSearchPracticeTests.release.xcconfig */,
			);
			path = Pods;
			sourceTree = "<group>";
		};
		D92F9BDC550C6363FBD8CDC2 /* Frameworks */ = {
			isa = PBXGroup;
			children = (
				D784B6576844930F7C0E4CCA /* Pods_AlgoliaSearchPractice.framework */,
				1C5E249EC2CBB4CAE9B0F538 /* Pods_AlgoliaSearchPractice_AlgoliaSearchPracticeUITests.framework */,
				FA4CC08FF04AEAB28E1DBD8D /* Pods_AlgoliaSearchPracticeTests.framework */,
			);
			name = Frameworks;
			sourceTree = "<group>";
		};
/* End PBXGroup section */

/* Begin PBXNativeTarget section */
		68EFD12F279414B300652029 /* AlgoliaSearchPractice */ = {
			isa = PBXNativeTarget;
			buildConfigurationList = 68EFD15A279414B400652029 /* Build configuration list for PBXNativeTarget "AlgoliaSearchPractice" */;
			buildPhases = (
				6B1B9ABCAEBA1253AFD28B47 /* [CP] Check Pods Manifest.lock */,
				68EFD12C279414B300652029 /* Sources */,
				68EFD12D279414B300652029 /* Frameworks */,
				68EFD12E279414B300652029 /* Resources */,
				F4E7EA9C2EB02E4867E596DB /* [CP] Embed Pods Frameworks */,
			);
			buildRules = (
			);
			dependencies = (
			);
			name = AlgoliaSearchPractice;
			productName = AlgoliaSearchPractice;
			productReference = 68EFD130279414B300652029 /* AlgoliaSearchPractice.app */;
			productType = "com.apple.product-type.application";
		};
		68EFD145279414B400652029 /* AlgoliaSearchPracticeTests */ = {
			isa = PBXNativeTarget;
			buildConfigurationList = 68EFD15D279414B400652029 /* Build configuration list for PBXNativeTarget "AlgoliaSearchPracticeTests" */;
			buildPhases = (
				77A1799F4368E52FCBB3C8C8 /* [CP] Check Pods Manifest.lock */,
				68EFD142279414B400652029 /* Sources */,
				68EFD143279414B400652029 /* Frameworks */,
				68EFD144279414B400652029 /* Resources */,
			);
			buildRules = (
			);
			dependencies = (
				68EFD148279414B400652029 /* PBXTargetDependency */,
			);
			name = AlgoliaSearchPracticeTests;
			productName = AlgoliaSearchPracticeTests;
			productReference = 68EFD146279414B400652029 /* AlgoliaSearchPracticeTests.xctest */;
			productType = "com.apple.product-type.bundle.unit-test";
		};
		68EFD14F279414B400652029 /* AlgoliaSearchPracticeUITests */ = {
			isa = PBXNativeTarget;
			buildConfigurationList = 68EFD160279414B400652029 /* Build configuration list for PBXNativeTarget "AlgoliaSearchPracticeUITests" */;
			buildPhases = (
				BD286197AFF2E459747DB988 /* [CP] Check Pods Manifest.lock */,
				68EFD14C279414B400652029 /* Sources */,
				68EFD14D279414B400652029 /* Frameworks */,
				68EFD14E279414B400652029 /* Resources */,
				15C2E1C00355B98C6AF0995F /* [CP] Embed Pods Frameworks */,
			);
			buildRules = (
			);
			dependencies = (
				68EFD152279414B400652029 /* PBXTargetDependency */,
			);
			name = AlgoliaSearchPracticeUITests;
			productName = AlgoliaSearchPracticeUITests;
			productReference = 68EFD150279414B400652029 /* AlgoliaSearchPracticeUITests.xctest */;
			productType = "com.apple.product-type.bundle.ui-testing";
		};
/* End PBXNativeTarget section */

/* Begin PBXProject section */
		68EFD128279414B300652029 /* Project object */ = {
			isa = PBXProject;
			attributes = {
				BuildIndependentTargetsInParallel = 1;
				LastSwiftUpdateCheck = 1320;
				LastUpgradeCheck = 1320;
				TargetAttributes = {
					68EFD12F279414B300652029 = {
						CreatedOnToolsVersion = 13.2.1;
					};
					68EFD145279414B400652029 = {
						CreatedOnToolsVersion = 13.2.1;
						TestTargetID = 68EFD12F279414B300652029;
					};
					68EFD14F279414B400652029 = {
						CreatedOnToolsVersion = 13.2.1;
						TestTargetID = 68EFD12F279414B300652029;
					};
				};
			};
			buildConfigurationList = 68EFD12B279414B300652029 /* Build configuration list for PBXProject "AlgoliaSearchPractice" */;
			compatibilityVersion = "Xcode 13.0";
			developmentRegion = en;
			hasScannedForEncodings = 0;
			knownRegions = (
				en,
				Base,
			);
			mainGroup = 68EFD127279414B300652029;
			productRefGroup = 68EFD131279414B300652029 /* Products */;
			projectDirPath = "";
			projectRoot = "";
			targets = (
				68EFD12F279414B300652029 /* AlgoliaSearchPractice */,
				68EFD145279414B400652029 /* AlgoliaSearchPracticeTests */,
				68EFD14F279414B400652029 /* AlgoliaSearchPracticeUITests */,
			);
		};
/* End PBXProject section */

/* Begin PBXResourcesBuildPhase section */
		68EFD12E279414B300652029 /* Resources */ = {
			isa = PBXResourcesBuildPhase;
			buildActionMask = 2147483647;
			files = (
				68EFD140279414B400652029 /* LaunchScreen.storyboard in Resources */,
				68EFD13D279414B400652029 /* Assets.xcassets in Resources */,
				68EFD13B279414B300652029 /* Main.storyboard in Resources */,
			);
			runOnlyForDeploymentPostprocessing = 0;
		};
		68EFD144279414B400652029 /* Resources */ = {
			isa = PBXResourcesBuildPhase;
			buildActionMask = 2147483647;
			files = (
			);
			runOnlyForDeploymentPostprocessing = 0;
		};
		68EFD14E279414B400652029 /* Resources */ = {
			isa = PBXResourcesBuildPhase;
			buildActionMask = 2147483647;
			files = (
			);
			runOnlyForDeploymentPostprocessing = 0;
		};
/* End PBXResourcesBuildPhase section */

/* Begin PBXShellScriptBuildPhase section */
		15C2E1C00355B98C6AF0995F /* [CP] Embed Pods Frameworks */ = {
			isa = PBXShellScriptBuildPhase;
			buildActionMask = 2147483647;
			files = (
			);
			inputFileListPaths = (
				"${PODS_ROOT}/Target Support Files/Pods-AlgoliaSearchPractice-AlgoliaSearchPracticeUITests/Pods-AlgoliaSearchPractice-AlgoliaSearchPracticeUITests-frameworks-${CONFIGURATION}-input-files.xcfilelist",
			);
			name = "[CP] Embed Pods Frameworks";
			outputFileListPaths = (
				"${PODS_ROOT}/Target Support Files/Pods-AlgoliaSearchPractice-AlgoliaSearchPracticeUITests/Pods-AlgoliaSearchPractice-AlgoliaSearchPracticeUITests-frameworks-${CONFIGURATION}-output-files.xcfilelist",
			);
			runOnlyForDeploymentPostprocessing = 0;
			shellPath = /bin/sh;
			shellScript = "\"${PODS_ROOT}/Target Support Files/Pods-AlgoliaSearchPractice-AlgoliaSearchPracticeUITests/Pods-AlgoliaSearchPractice-AlgoliaSearchPracticeUITests-frameworks.sh\"\n";
			showEnvVarsInLog = 0;
		};
		6B1B9ABCAEBA1253AFD28B47 /* [CP] Check Pods Manifest.lock */ = {
			isa = PBXShellScriptBuildPhase;
			buildActionMask = 2147483647;
			files = (
			);
			inputFileListPaths = (
			);
			inputPaths = (
				"${PODS_PODFILE_DIR_PATH}/Podfile.lock",
				"${PODS_ROOT}/Manifest.lock",
			);
			name = "[CP] Check Pods Manifest.lock";
			outputFileListPaths = (
			);
			outputPaths = (
				"$(DERIVED_FILE_DIR)/Pods-AlgoliaSearchPractice-checkManifestLockResult.txt",
			);
			runOnlyForDeploymentPostprocessing = 0;
			shellPath = /bin/sh;
			shellScript = "diff \"${PODS_PODFILE_DIR_PATH}/Podfile.lock\" \"${PODS_ROOT}/Manifest.lock\" > /dev/null\nif [ $? != 0 ] ; then\n    # print error to STDERR\n    echo \"error: The sandbox is not in sync with the Podfile.lock. Run 'pod install' or update your CocoaPods installation.\" >&2\n    exit 1\nfi\n# This output is used by Xcode 'outputs' to avoid re-running this script phase.\necho \"SUCCESS\" > \"${SCRIPT_OUTPUT_FILE_0}\"\n";
			showEnvVarsInLog = 0;
		};
		77A1799F4368E52FCBB3C8C8 /* [CP] Check Pods Manifest.lock */ = {
			isa = PBXShellScriptBuildPhase;
			buildActionMask = 2147483647;
			files = (
			);
			inputFileListPaths = (
			);
			inputPaths = (
				"${PODS_PODFILE_DIR_PATH}/Podfile.lock",
				"${PODS_ROOT}/Manifest.lock",
			);
			name = "[CP] Check Pods Manifest.lock";
			outputFileListPaths = (
			);
			outputPaths = (
				"$(DERIVED_FILE_DIR)/Pods-AlgoliaSearchPracticeTests-checkManifestLockResult.txt",
			);
			runOnlyForDeploymentPostprocessing = 0;
			shellPath = /bin/sh;
			shellScript = "diff \"${PODS_PODFILE_DIR_PATH}/Podfile.lock\" \"${PODS_ROOT}/Manifest.lock\" > /dev/null\nif [ $? != 0 ] ; then\n    # print error to STDERR\n    echo \"error: The sandbox is not in sync with the Podfile.lock. Run 'pod install' or update your CocoaPods installation.\" >&2\n    exit 1\nfi\n# This output is used by Xcode 'outputs' to avoid re-running this script phase.\necho \"SUCCESS\" > \"${SCRIPT_OUTPUT_FILE_0}\"\n";
			showEnvVarsInLog = 0;
		};
		BD286197AFF2E459747DB988 /* [CP] Check Pods Manifest.lock */ = {
			isa = PBXShellScriptBuildPhase;
			buildActionMask = 2147483647;
			files = (
			);
			inputFileListPaths = (
			);
			inputPaths = (
				"${PODS_PODFILE_DIR_PATH}/Podfile.lock",
				"${PODS_ROOT}/Manifest.lock",
			);
			name = "[CP] Check Pods Manifest.lock";
			outputFileListPaths = (
			);
			outputPaths = (
				"$(DERIVED_FILE_DIR)/Pods-AlgoliaSearchPractice-AlgoliaSearchPracticeUITests-checkManifestLockResult.txt",
			);
			runOnlyForDeploymentPostprocessing = 0;
			shellPath = /bin/sh;
			shellScript = "diff \"${PODS_PODFILE_DIR_PATH}/Podfile.lock\" \"${PODS_ROOT}/Manifest.lock\" > /dev/null\nif [ $? != 0 ] ; then\n    # print error to STDERR\n    echo \"error: The sandbox is not in sync with the Podfile.lock. Run 'pod install' or update your CocoaPods installation.\" >&2\n    exit 1\nfi\n# This output is used by Xcode 'outputs' to avoid re-running this script phase.\necho \"SUCCESS\" > \"${SCRIPT_OUTPUT_FILE_0}\"\n";
			showEnvVarsInLog = 0;
		};
		F4E7EA9C2EB02E4867E596DB /* [CP] Embed Pods Frameworks */ = {
			isa = PBXShellScriptBuildPhase;
			buildActionMask = 2147483647;
			files = (
			);
			inputFileListPaths = (
				"${PODS_ROOT}/Target Support Files/Pods-AlgoliaSearchPractice/Pods-AlgoliaSearchPractice-frameworks-${CONFIGURATION}-input-files.xcfilelist",
			);
			name = "[CP] Embed Pods Frameworks";
			outputFileListPaths = (
				"${PODS_ROOT}/Target Support Files/Pods-AlgoliaSearchPractice/Pods-AlgoliaSearchPractice-frameworks-${CONFIGURATION}-output-files.xcfilelist",
			);
			runOnlyForDeploymentPostprocessing = 0;
			shellPath = /bin/sh;
			shellScript = "\"${PODS_ROOT}/Target Support Files/Pods-AlgoliaSearchPractice/Pods-AlgoliaSearchPractice-frameworks.sh\"\n";
			showEnvVarsInLog = 0;
		};
/* End PBXShellScriptBuildPhase section */

/* Begin PBXSourcesBuildPhase section */
		68EFD12C279414B300652029 /* Sources */ = {
			isa = PBXSourcesBuildPhase;
			buildActionMask = 2147483647;
			files = (
				68EFD138279414B300652029 /* ViewController.swift in Sources */,
				68EFD164279416EF00652029 /* SearchResultsViewController.swift in Sources */,
				68EFD134279414B300652029 /* AppDelegate.swift in Sources */,
				68EFD136279414B300652029 /* SceneDelegate.swift in Sources */,
			);
			runOnlyForDeploymentPostprocessing = 0;
		};
		68EFD142279414B400652029 /* Sources */ = {
			isa = PBXSourcesBuildPhase;
			buildActionMask = 2147483647;
			files = (
				68EFD14B279414B400652029 /* AlgoliaSearchPracticeTests.swift in Sources */,
			);
			runOnlyForDeploymentPostprocessing = 0;
		};
		68EFD14C279414B400652029 /* Sources */ = {
			isa = PBXSourcesBuildPhase;
			buildActionMask = 2147483647;
			files = (
				68EFD155279414B400652029 /* AlgoliaSearchPracticeUITests.swift in Sources */,
				68EFD157279414B400652029 /* AlgoliaSearchPracticeUITestsLaunchTests.swift in Sources */,
			);
			runOnlyForDeploymentPostprocessing = 0;
		};
/* End PBXSourcesBuildPhase section */

/* Begin PBXTargetDependency section */
		68EFD148279414B400652029 /* PBXTargetDependency */ = {
			isa = PBXTargetDependency;
			target = 68EFD12F279414B300652029 /* AlgoliaSearchPractice */;
			targetProxy = 68EFD147279414B400652029 /* PBXContainerItemProxy */;
		};
		68EFD152279414B400652029 /* PBXTargetDependency */ = {
			isa = PBXTargetDependency;
			target = 68EFD12F279414B300652029 /* AlgoliaSearchPractice */;
			targetProxy = 68EFD151279414B400652029 /* PBXContainerItemProxy */;
		};
/* End PBXTargetDependency section */

/* Begin PBXVariantGroup section */
		68EFD139279414B300652029 /* Main.storyboard */ = {
			isa = PBXVariantGroup;
			children = (
				68EFD13A279414B300652029 /* Base */,
			);
			name = Main.storyboard;
			sourceTree = "<group>";
		};
		68EFD13E279414B400652029 /* LaunchScreen.storyboard */ = {
			isa = PBXVariantGroup;
			children = (
				68EFD13F279414B400652029 /* Base */,
			);
			name = LaunchScreen.storyboard;
			sourceTree = "<group>";
		};
/* End PBXVariantGroup section */

/* Begin XCBuildConfiguration section */
		68EFD158279414B400652029 /* Debug */ = {
			isa = XCBuildConfiguration;
			buildSettings = {
				ALWAYS_SEARCH_USER_PATHS = NO;
				CLANG_ANALYZER_NONNULL = YES;
				CLANG_ANALYZER_NUMBER_OBJECT_CONVERSION = YES_AGGRESSIVE;
				CLANG_CXX_LANGUAGE_STANDARD = "gnu++17";
				CLANG_CXX_LIBRARY = "libc++";
				CLANG_ENABLE_MODULES = YES;
				CLANG_ENABLE_OBJC_ARC = YES;
				CLANG_ENABLE_OBJC_WEAK = YES;
				CLANG_WARN_BLOCK_CAPTURE_AUTORELEASING = YES;
				CLANG_WARN_BOOL_CONVERSION = YES;
				CLANG_WARN_COMMA = YES;
				CLANG_WARN_CONSTANT_CONVERSION = YES;
				CLANG_WARN_DEPRECATED_OBJC_IMPLEMENTATIONS = YES;
				CLANG_WARN_DIRECT_OBJC_ISA_USAGE = YES_ERROR;
				CLANG_WARN_DOCUMENTATION_COMMENTS = YES;
				CLANG_WARN_EMPTY_BODY = YES;
				CLANG_WARN_ENUM_CONVERSION = YES;
				CLANG_WARN_INFINITE_RECURSION = YES;
				CLANG_WARN_INT_CONVERSION = YES;
				CLANG_WARN_NON_LITERAL_NULL_CONVERSION = YES;
				CLANG_WARN_OBJC_IMPLICIT_RETAIN_SELF = YES;
				CLANG_WARN_OBJC_LITERAL_CONVERSION = YES;
				CLANG_WARN_OBJC_ROOT_CLASS = YES_ERROR;
				CLANG_WARN_QUOTED_INCLUDE_IN_FRAMEWORK_HEADER = YES;
				CLANG_WARN_RANGE_LOOP_ANALYSIS = YES;
				CLANG_WARN_STRICT_PROTOTYPES = YES;
				CLANG_WARN_SUSPICIOUS_MOVE = YES;
				CLANG_WARN_UNGUARDED_AVAILABILITY = YES_AGGRESSIVE;
				CLANG_WARN_UNREACHABLE_CODE = YES;
				CLANG_WARN__DUPLICATE_METHOD_MATCH = YES;
				COPY_PHASE_STRIP = NO;
				DEBUG_INFORMATION_FORMAT = dwarf;
				ENABLE_STRICT_OBJC_MSGSEND = YES;
				ENABLE_TESTABILITY = YES;
				GCC_C_LANGUAGE_STANDARD = gnu11;
				GCC_DYNAMIC_NO_PIC = NO;
				GCC_NO_COMMON_BLOCKS = YES;
				GCC_OPTIMIZATION_LEVEL = 0;
				GCC_PREPROCESSOR_DEFINITIONS = (
					"DEBUG=1",
					"$(inherited)",
				);
				GCC_WARN_64_TO_32_BIT_CONVERSION = YES;
				GCC_WARN_ABOUT_RETURN_TYPE = YES_ERROR;
				GCC_WARN_UNDECLARED_SELECTOR = YES;
				GCC_WARN_UNINITIALIZED_AUTOS = YES_AGGRESSIVE;
				GCC_WARN_UNUSED_FUNCTION = YES;
				GCC_WARN_UNUSED_VARIABLE = YES;
				IPHONEOS_DEPLOYMENT_TARGET = 15.2;
				MTL_ENABLE_DEBUG_INFO = INCLUDE_SOURCE;
				MTL_FAST_MATH = YES;
				ONLY_ACTIVE_ARCH = YES;
				SDKROOT = iphoneos;
				SWIFT_ACTIVE_COMPILATION_CONDITIONS = DEBUG;
				SWIFT_OPTIMIZATION_LEVEL = "-Onone";
			};
			name = Debug;
		};
		68EFD159279414B400652029 /* Release */ = {
			isa = XCBuildConfiguration;
			buildSettings = {
				ALWAYS_SEARCH_USER_PATHS = NO;
				CLANG_ANALYZER_NONNULL = YES;
				CLANG_ANALYZER_NUMBER_OBJECT_CONVERSION = YES_AGGRESSIVE;
				CLANG_CXX_LANGUAGE_STANDARD = "gnu++17";
				CLANG_CXX_LIBRARY = "libc++";
				CLANG_ENABLE_MODULES = YES;
				CLANG_ENABLE_OBJC_ARC = YES;
				CLANG_ENABLE_OBJC_WEAK = YES;
				CLANG_WARN_BLOCK_CAPTURE_AUTORELEASING = YES;
				CLANG_WARN_BOOL_CONVERSION = YES;
				CLANG_WARN_COMMA = YES;
				CLANG_WARN_CONSTANT_CONVERSION = YES;
				CLANG_WARN_DEPRECATED_OBJC_IMPLEMENTATIONS = YES;
				CLANG_WARN_DIRECT_OBJC_ISA_USAGE = YES_ERROR;
				CLANG_WARN_DOCUMENTATION_COMMENTS = YES;
				CLANG_WARN_EMPTY_BODY = YES;
				CLANG_WARN_ENUM_CONVERSION = YES;
				CLANG_WARN_INFINITE_RECURSION = YES;
				CLANG_WARN_INT_CONVERSION = YES;
				CLANG_WARN_NON_LITERAL_NULL_CONVERSION = YES;
				CLANG_WARN_OBJC_IMPLICIT_RETAIN_SELF = YES;
				CLANG_WARN_OBJC_LITERAL_CONVERSION = YES;
				CLANG_WARN_OBJC_ROOT_CLASS = YES_ERROR;
				CLANG_WARN_QUOTED_INCLUDE_IN_FRAMEWORK_HEADER = YES;
				CLANG_WARN_RANGE_LOOP_ANALYSIS = YES;
				CLANG_WARN_STRICT_PROTOTYPES = YES;
				CLANG_WARN_SUSPICIOUS_MOVE = YES;
				CLANG_WARN_UNGUARDED_AVAILABILITY = YES_AGGRESSIVE;
				CLANG_WARN_UNREACHABLE_CODE = YES;
				CLANG_WARN__DUPLICATE_METHOD_MATCH = YES;
				COPY_PHASE_STRIP = NO;
				DEBUG_INFORMATION_FORMAT = "dwarf-with-dsym";
				ENABLE_NS_ASSERTIONS = NO;
				ENABLE_STRICT_OBJC_MSGSEND = YES;
				GCC_C_LANGUAGE_STANDARD = gnu11;
				GCC_NO_COMMON_BLOCKS = YES;
				GCC_WARN_64_TO_32_BIT_CONVERSION = YES;
				GCC_WARN_ABOUT_RETURN_TYPE = YES_ERROR;
				GCC_WARN_UNDECLARED_SELECTOR = YES;
				GCC_WARN_UNINITIALIZED_AUTOS = YES_AGGRESSIVE;
				GCC_WARN_UNUSED_FUNCTION = YES;
				GCC_WARN_UNUSED_VARIABLE = YES;
				IPHONEOS_DEPLOYMENT_TARGET = 15.2;
				MTL_ENABLE_DEBUG_INFO = NO;
				MTL_FAST_MATH = YES;
				SDKROOT = iphoneos;
				SWIFT_COMPILATION_MODE = wholemodule;
				SWIFT_OPTIMIZATION_LEVEL = "-O";
				VALIDATE_PRODUCT = YES;
			};
			name = Release;
		};
		68EFD15B279414B400652029 /* Debug */ = {
			isa = XCBuildConfiguration;
			baseConfigurationReference = B2FA16AC205CFD5B614C7B1A /* Pods-AlgoliaSearchPractice.debug.xcconfig */;
			buildSettings = {
				ASSETCATALOG_COMPILER_APPICON_NAME = AppIcon;
				ASSETCATALOG_COMPILER_GLOBAL_ACCENT_COLOR_NAME = AccentColor;
				CODE_SIGN_STYLE = Automatic;
				CURRENT_PROJECT_VERSION = 1;
				DEVELOPMENT_TEAM = 4NUGV6Z827;
				GENERATE_INFOPLIST_FILE = YES;
				INFOPLIST_FILE = AlgoliaSearchPractice/Info.plist;
				INFOPLIST_KEY_UIApplicationSupportsIndirectInputEvents = YES;
				INFOPLIST_KEY_UILaunchStoryboardName = LaunchScreen;
				INFOPLIST_KEY_UIMainStoryboardFile = Main;
				INFOPLIST_KEY_UISupportedInterfaceOrientations_iPad = "UIInterfaceOrientationPortrait UIInterfaceOrientationPortraitUpsideDown UIInterfaceOrientationLandscapeLeft UIInterfaceOrientationLandscapeRight";
				INFOPLIST_KEY_UISupportedInterfaceOrientations_iPhone = "UIInterfaceOrientationPortrait UIInterfaceOrientationLandscapeLeft UIInterfaceOrientationLandscapeRight";
				IPHONEOS_DEPLOYMENT_TARGET = 14.0;
				LD_RUNPATH_SEARCH_PATHS = (
					"$(inherited)",
					"@executable_path/Frameworks",
				);
				MARKETING_VERSION = 1.0;
				PRODUCT_BUNDLE_IDENTIFIER = sichoi.AlgoliaSearchPractice;
				PRODUCT_NAME = "$(TARGET_NAME)";
				SWIFT_EMIT_LOC_STRINGS = YES;
				SWIFT_VERSION = 5.0;
				TARGETED_DEVICE_FAMILY = "1,2";
			};
			name = Debug;
		};
		68EFD15C279414B400652029 /* Release */ = {
			isa = XCBuildConfiguration;
			baseConfigurationReference = 2089D66C30390B835FB367F9 /* Pods-AlgoliaSearchPractice.release.xcconfig */;
			buildSettings = {
				ASSETCATALOG_COMPILER_APPICON_NAME = AppIcon;
				ASSETCATALOG_COMPILER_GLOBAL_ACCENT_COLOR_NAME = AccentColor;
				CODE_SIGN_STYLE = Automatic;
				CURRENT_PROJECT_VERSION = 1;
				DEVELOPMENT_TEAM = 4NUGV6Z827;
				GENERATE_INFOPLIST_FILE = YES;
				INFOPLIST_FILE = AlgoliaSearchPractice/Info.plist;
				INFOPLIST_KEY_UIApplicationSupportsIndirectInputEvents = YES;
				INFOPLIST_KEY_UILaunchStoryboardName = LaunchScreen;
				INFOPLIST_KEY_UIMainStoryboardFile = Main;
				INFOPLIST_KEY_UISupportedInterfaceOrientations_iPad = "UIInterfaceOrientationPortrait UIInterfaceOrientationPortraitUpsideDown UIInterfaceOrientationLandscapeLeft UIInterfaceOrientationLandscapeRight";
				INFOPLIST_KEY_UISupportedInterfaceOrientations_iPhone = "UIInterfaceOrientationPortrait UIInterfaceOrientationLandscapeLeft UIInterfaceOrientationLandscapeRight";
				IPHONEOS_DEPLOYMENT_TARGET = 14.0;
				LD_RUNPATH_SEARCH_PATHS = (
					"$(inherited)",
					"@executable_path/Frameworks",
				);
				MARKETING_VERSION = 1.0;
				PRODUCT_BUNDLE_IDENTIFIER = sichoi.AlgoliaSearchPractice;
				PRODUCT_NAME = "$(TARGET_NAME)";
				SWIFT_EMIT_LOC_STRINGS = YES;
				SWIFT_VERSION = 5.0;
				TARGETED_DEVICE_FAMILY = "1,2";
			};
			name = Release;
		};
		68EFD15E279414B400652029 /* Debug */ = {
			isa = XCBuildConfiguration;
			baseConfigurationReference = E292B5D3A21EC111FC0F8279 /* Pods-AlgoliaSearchPracticeTests.debug.xcconfig */;
			buildSettings = {
				ALWAYS_EMBED_SWIFT_STANDARD_LIBRARIES = YES;
				BUNDLE_LOADER = "$(TEST_HOST)";
				CODE_SIGN_STYLE = Automatic;
				CURRENT_PROJECT_VERSION = 1;
				DEVELOPMENT_TEAM = 4NUGV6Z827;
				GENERATE_INFOPLIST_FILE = YES;
				IPHONEOS_DEPLOYMENT_TARGET = 15.2;
				MARKETING_VERSION = 1.0;
				PRODUCT_BUNDLE_IDENTIFIER = sichoi.AlgoliaSearchPracticeTests;
				PRODUCT_NAME = "$(TARGET_NAME)";
				SWIFT_EMIT_LOC_STRINGS = NO;
				SWIFT_VERSION = 5.0;
				TARGETED_DEVICE_FAMILY = "1,2";
				TEST_HOST = "$(BUILT_PRODUCTS_DIR)/AlgoliaSearchPractice.app/AlgoliaSearchPractice";
			};
			name = Debug;
		};
		68EFD15F279414B400652029 /* Release */ = {
			isa = XCBuildConfiguration;
			baseConfigurationReference = 135FBBAB7B18E77E7BE76ECB /* Pods-AlgoliaSearchPracticeTests.release.xcconfig */;
			buildSettings = {
				ALWAYS_EMBED_SWIFT_STANDARD_LIBRARIES = YES;
				BUNDLE_LOADER = "$(TEST_HOST)";
				CODE_SIGN_STYLE = Automatic;
				CURRENT_PROJECT_VERSION = 1;
				DEVELOPMENT_TEAM = 4NUGV6Z827;
				GENERATE_INFOPLIST_FILE = YES;
				IPHONEOS_DEPLOYMENT_TARGET = 15.2;
				MARKETING_VERSION = 1.0;
				PRODUCT_BUNDLE_IDENTIFIER = sichoi.AlgoliaSearchPracticeTests;
				PRODUCT_NAME = "$(TARGET_NAME)";
				SWIFT_EMIT_LOC_STRINGS = NO;
				SWIFT_VERSION = 5.0;
				TARGETED_DEVICE_FAMILY = "1,2";
				TEST_HOST = "$(BUILT_PRODUCTS_DIR)/AlgoliaSearchPractice.app/AlgoliaSearchPractice";
			};
			name = Release;
		};
		68EFD161279414B400652029 /* Debug */ = {
			isa = XCBuildConfiguration;
			baseConfigurationReference = 2B95BD5ACED656BEABE41CB2 /* Pods-AlgoliaSearchPractice-AlgoliaSearchPracticeUITests.debug.xcconfig */;
			buildSettings = {
				ALWAYS_EMBED_SWIFT_STANDARD_LIBRARIES = YES;
				CODE_SIGN_STYLE = Automatic;
				CURRENT_PROJECT_VERSION = 1;
				DEVELOPMENT_TEAM = 4NUGV6Z827;
				GENERATE_INFOPLIST_FILE = YES;
				MARKETING_VERSION = 1.0;
				PRODUCT_BUNDLE_IDENTIFIER = sichoi.AlgoliaSearchPracticeUITests;
				PRODUCT_NAME = "$(TARGET_NAME)";
				SWIFT_EMIT_LOC_STRINGS = NO;
				SWIFT_VERSION = 5.0;
				TARGETED_DEVICE_FAMILY = "1,2";
				TEST_TARGET_NAME = AlgoliaSearchPractice;
			};
			name = Debug;
		};
		68EFD162279414B400652029 /* Release */ = {
			isa = XCBuildConfiguration;
			baseConfigurationReference = BAA1FC01BEEE72A0F02DBA10 /* Pods-AlgoliaSearchPractice-AlgoliaSearchPracticeUITests.release.xcconfig */;
			buildSettings = {
				ALWAYS_EMBED_SWIFT_STANDARD_LIBRARIES = YES;
				CODE_SIGN_STYLE = Automatic;
				CURRENT_PROJECT_VERSION = 1;
				DEVELOPMENT_TEAM = 4NUGV6Z827;
				GENERATE_INFOPLIST_FILE = YES;
				MARKETING_VERSION = 1.0;
				PRODUCT_BUNDLE_IDENTIFIER = sichoi.AlgoliaSearchPracticeUITests;
				PRODUCT_NAME = "$(TARGET_NAME)";
				SWIFT_EMIT_LOC_STRINGS = NO;
				SWIFT_VERSION = 5.0;
				TARGETED_DEVICE_FAMILY = "1,2";
				TEST_TARGET_NAME = AlgoliaSearchPractice;
			};
			name = Release;
		};
/* End XCBuildConfiguration section */

/* Begin XCConfigurationList section */
		68EFD12B279414B300652029 /* Build configuration list for PBXProject "AlgoliaSearchPractice" */ = {
			isa = XCConfigurationList;
			buildConfigurations = (
				68EFD158279414B400652029 /* Debug */,
				68EFD159279414B400652029 /* Release */,
			);
			defaultConfigurationIsVisible = 0;
			defaultConfigurationName = Release;
		};
		68EFD15A279414B400652029 /* Build configuration list for PBXNativeTarget "AlgoliaSearchPractice" */ = {
			isa = XCConfigurationList;
			buildConfigurations = (
				68EFD15B279414B400652029 /* Debug */,
				68EFD15C279414B400652029 /* Release */,
			);
			defaultConfigurationIsVisible = 0;
			defaultConfigurationName = Release;
		};
		68EFD15D279414B400652029 /* Build configuration list for PBXNativeTarget "AlgoliaSearchPracticeTests" */ = {
			isa = XCConfigurationList;
			buildConfigurations = (
				68EFD15E279414B400652029 /* Debug */,
				68EFD15F279414B400652029 /* Release */,
			);
			defaultConfigurationIsVisible = 0;
			defaultConfigurationName = Release;
		};
		68EFD160279414B400652029 /* Build configuration list for PBXNativeTarget "AlgoliaSearchPracticeUITests" */ = {
			isa = XCConfigurationList;
			buildConfigurations = (
				68EFD161279414B400652029 /* Debug */,
				68EFD162279414B400652029 /* Release */,
			);
			defaultConfigurationIsVisible = 0;
			defaultConfigurationName = Release;
		};
/* End XCConfigurationList section */
	};
	rootObject = 68EFD128279414B300652029 /* Project object */;
}
